// !$*UTF8*$!
{
	archiveVersion = 1;
	classes = {
	};
	objectVersion = 55;
	objects = {

/* Begin PBXBuildFile section */
		561B70B727BE526E005D43FF /* HomeViewController.swift in Sources */ = {isa = PBXBuildFile; fileRef = 561B70B627BE526E005D43FF /* HomeViewController.swift */; };
		561B70B927BE55E4005D43FF /* WebViewController.swift in Sources */ = {isa = PBXBuildFile; fileRef = 561B70B827BE55E4005D43FF /* WebViewController.swift */; };
		563F6E2F27C38F2400AF9E0D /* resources.json in Resources */ = {isa = PBXBuildFile; fileRef = 563F6E2E27C38F2400AF9E0D /* resources.json */; };
		563FCBE427A435B400EFAC61 /* detailPoiViewController.swift in Sources */ = {isa = PBXBuildFile; fileRef = 563FCBE327A435B400EFAC61 /* detailPoiViewController.swift */; };
		564A745927ABFEFC00974848 /* FavoriteViewController.swift in Sources */ = {isa = PBXBuildFile; fileRef = 564A745827ABFEFC00974848 /* FavoriteViewController.swift */; };
		56890FBF2791A04700AA9D1E /* AppDelegate.swift in Sources */ = {isa = PBXBuildFile; fileRef = 56890FBE2791A04700AA9D1E /* AppDelegate.swift */; };
		56890FC12791A04700AA9D1E /* SceneDelegate.swift in Sources */ = {isa = PBXBuildFile; fileRef = 56890FC02791A04700AA9D1E /* SceneDelegate.swift */; };
		56890FC62791A04700AA9D1E /* Main.storyboard in Resources */ = {isa = PBXBuildFile; fileRef = 56890FC42791A04700AA9D1E /* Main.storyboard */; };
		56890FCB2791A04800AA9D1E /* Assets.xcassets in Resources */ = {isa = PBXBuildFile; fileRef = 56890FCA2791A04800AA9D1E /* Assets.xcassets */; };
		56890FCE2791A04800AA9D1E /* LaunchScreen.storyboard in Resources */ = {isa = PBXBuildFile; fileRef = 56890FCC2791A04800AA9D1E /* LaunchScreen.storyboard */; };
		568910092791A18C00AA9D1E /* DataSetService.swift in Sources */ = {isa = PBXBuildFile; fileRef = 56890FF22791A18C00AA9D1E /* DataSetService.swift */; };
		5689100B2791A18C00AA9D1E /* coreDataManager.swift in Sources */ = {isa = PBXBuildFile; fileRef = 56890FF52791A18C00AA9D1E /* coreDataManager.swift */; };
		5689100C2791A18C00AA9D1E /* CoreDataStack.swift in Sources */ = {isa = PBXBuildFile; fileRef = 56890FF62791A18C00AA9D1E /* CoreDataStack.swift */; };
		5689100D2791A18C00AA9D1E /* MontreuilEstNotreJardin.xcdatamodeld in Sources */ = {isa = PBXBuildFile; fileRef = 56890FF72791A18C00AA9D1E /* MontreuilEstNotreJardin.xcdatamodeld */; };
		568910102791A18C00AA9D1E /* UrlBuildable.swift in Sources */ = {isa = PBXBuildFile; fileRef = 56890FFD2791A18C00AA9D1E /* UrlBuildable.swift */; };
		568910112791A18C00AA9D1E /* ViewControllerExtension.swift in Sources */ = {isa = PBXBuildFile; fileRef = 56890FFE2791A18C00AA9D1E /* ViewControllerExtension.swift */; };
		568910122791A18C00AA9D1E /* URLSession+GenericCall.swift in Sources */ = {isa = PBXBuildFile; fileRef = 56890FFF2791A18C00AA9D1E /* URLSession+GenericCall.swift */; };
		568910132791A18C00AA9D1E /* UIView+border.swift in Sources */ = {isa = PBXBuildFile; fileRef = 568910002791A18C00AA9D1E /* UIView+border.swift */; };
		568910162791A18C00AA9D1E /* tableViewExtension.swift in Sources */ = {isa = PBXBuildFile; fileRef = 568910032791A18C00AA9D1E /* tableViewExtension.swift */; };
		568910182791A18C00AA9D1E /* MainViewController.swift in Sources */ = {isa = PBXBuildFile; fileRef = 568910062791A18C00AA9D1E /* MainViewController.swift */; };
		569825D6279B0131008ABDC1 /* PoiAnnotation.swift in Sources */ = {isa = PBXBuildFile; fileRef = 569825D5279B0131008ABDC1 /* PoiAnnotation.swift */; };
		56AF181127999BB0009A0B08 /* MenuTableViewCell.swift in Sources */ = {isa = PBXBuildFile; fileRef = 56AF180F27999BB0009A0B08 /* MenuTableViewCell.swift */; };
		56AF181227999BB0009A0B08 /* MenuTableViewCell.xib in Resources */ = {isa = PBXBuildFile; fileRef = 56AF181027999BB0009A0B08 /* MenuTableViewCell.xib */; };
		56C5AF5527C7EF1400AA2B7E /* InstructionsTableViewCell.swift in Sources */ = {isa = PBXBuildFile; fileRef = 56C5AF5327C7EF1400AA2B7E /* InstructionsTableViewCell.swift */; };
		56C5AF5627C7EF1400AA2B7E /* InstructionsTableViewCell.xib in Resources */ = {isa = PBXBuildFile; fileRef = 56C5AF5427C7EF1400AA2B7E /* InstructionsTableViewCell.xib */; };
		56C6F67927C14A0700AB9030 /* HomeTableViewCell.swift in Sources */ = {isa = PBXBuildFile; fileRef = 56C6F67727C14A0700AB9030 /* HomeTableViewCell.swift */; };
		56C6F67A27C14A0700AB9030 /* HomeTableViewCell.xib in Resources */ = {isa = PBXBuildFile; fileRef = 56C6F67827C14A0700AB9030 /* HomeTableViewCell.xib */; };
		56CDF4DE27AC0EAD004F6C78 /* FavoriteTableViewCell.swift in Sources */ = {isa = PBXBuildFile; fileRef = 56CDF4DC27AC0EAD004F6C78 /* FavoriteTableViewCell.swift */; };
		56CDF4DF27AC0EAD004F6C78 /* FavoriteTableViewCell.xib in Resources */ = {isa = PBXBuildFile; fileRef = 56CDF4DD27AC0EAD004F6C78 /* FavoriteTableViewCell.xib */; };
		56F7B88027B13C7A0046BD76 /* FakeResponseData.swift in Sources */ = {isa = PBXBuildFile; fileRef = 56F7B87F27B13C7A0046BD76 /* FakeResponseData.swift */; };
		56F7B88227B15F680046BD76 /* facet.json in Resources */ = {isa = PBXBuildFile; fileRef = 56F7B88127B15F680046BD76 /* facet.json */; };
		56F7B88427B1603E0046BD76 /* Pois.json in Resources */ = {isa = PBXBuildFile; fileRef = 56F7B88327B1603E0046BD76 /* Pois.json */; };
		56F7B88627B160D50046BD76 /* UrlProtocolFake.swift in Sources */ = {isa = PBXBuildFile; fileRef = 56F7B88527B160D50046BD76 /* UrlProtocolFake.swift */; };
		56F7B88927B162090046BD76 /* DataSetServiceTestCase.swift in Sources */ = {isa = PBXBuildFile; fileRef = 56F7B88827B162080046BD76 /* DataSetServiceTestCase.swift */; };
		56F7B88B27B18D7C0046BD76 /* coreDataManagerTest.swift in Sources */ = {isa = PBXBuildFile; fileRef = 56F7B88A27B18D7C0046BD76 /* coreDataManagerTest.swift */; };
		56F7B88D27B18E970046BD76 /*  MockCoreDataStack.swift in Sources */ = {isa = PBXBuildFile; fileRef = 56F7B88C27B18E970046BD76 /*  MockCoreDataStack.swift */; };
		56F7B88F27B2C4B00046BD76 /* MainViewController.MapKitDelegat.extension.swif.swift in Sources */ = {isa = PBXBuildFile; fileRef = 56F7B88E27B2C4B00046BD76 /* MainViewController.MapKitDelegat.extension.swif.swift */; };
		56F7B89127B2CCFE0046BD76 /* StringExtension.swift in Sources */ = {isa = PBXBuildFile; fileRef = 56F7B89027B2CCFE0046BD76 /* StringExtension.swift */; };
/* End PBXBuildFile section */

/* Begin PBXContainerItemProxy section */
		56890FD52791A04800AA9D1E /* PBXContainerItemProxy */ = {
			isa = PBXContainerItemProxy;
			containerPortal = 56890FB32791A04700AA9D1E /* Project object */;
			proxyType = 1;
			remoteGlobalIDString = 56890FBA2791A04700AA9D1E;
			remoteInfo = MontreuilEstNotreJardin;
		};
/* End PBXContainerItemProxy section */

/* Begin PBXFileReference section */
		561B70B627BE526E005D43FF /* HomeViewController.swift */ = {isa = PBXFileReference; lastKnownFileType = sourcecode.swift; path = HomeViewController.swift; sourceTree = "<group>"; };
		561B70B827BE55E4005D43FF /* WebViewController.swift */ = {isa = PBXFileReference; lastKnownFileType = sourcecode.swift; path = WebViewController.swift; sourceTree = "<group>"; };
		563F6E2E27C38F2400AF9E0D /* resources.json */ = {isa = PBXFileReference; lastKnownFileType = text.json; path = resources.json; sourceTree = "<group>"; };
		563FCBE327A435B400EFAC61 /* detailPoiViewController.swift */ = {isa = PBXFileReference; lastKnownFileType = sourcecode.swift; path = detailPoiViewController.swift; sourceTree = "<group>"; };
		564A745827ABFEFC00974848 /* FavoriteViewController.swift */ = {isa = PBXFileReference; lastKnownFileType = sourcecode.swift; path = FavoriteViewController.swift; sourceTree = "<group>"; };
		56890FBB2791A04700AA9D1E /* MontreuilEstNotreJardin.app */ = {isa = PBXFileReference; explicitFileType = wrapper.application; includeInIndex = 0; path = MontreuilEstNotreJardin.app; sourceTree = BUILT_PRODUCTS_DIR; };
		56890FBE2791A04700AA9D1E /* AppDelegate.swift */ = {isa = PBXFileReference; lastKnownFileType = sourcecode.swift; path = AppDelegate.swift; sourceTree = "<group>"; };
		56890FC02791A04700AA9D1E /* SceneDelegate.swift */ = {isa = PBXFileReference; lastKnownFileType = sourcecode.swift; path = SceneDelegate.swift; sourceTree = "<group>"; };
		56890FC52791A04700AA9D1E /* Base */ = {isa = PBXFileReference; lastKnownFileType = file.storyboard; name = Base; path = Base.lproj/Main.storyboard; sourceTree = "<group>"; };
		56890FCA2791A04800AA9D1E /* Assets.xcassets */ = {isa = PBXFileReference; lastKnownFileType = folder.assetcatalog; path = Assets.xcassets; sourceTree = "<group>"; };
		56890FCD2791A04800AA9D1E /* Base */ = {isa = PBXFileReference; lastKnownFileType = file.storyboard; name = Base; path = Base.lproj/LaunchScreen.storyboard; sourceTree = "<group>"; };
		56890FCF2791A04800AA9D1E /* Info.plist */ = {isa = PBXFileReference; lastKnownFileType = text.plist.xml; path = Info.plist; sourceTree = "<group>"; };
		56890FD42791A04800AA9D1E /* MontreuilEstNotreJardinTests.xctest */ = {isa = PBXFileReference; explicitFileType = wrapper.cfbundle; includeInIndex = 0; path = MontreuilEstNotreJardinTests.xctest; sourceTree = BUILT_PRODUCTS_DIR; };
		56890FE22791A04800AA9D1E /* MontreuilEstNotreJardinUITests.swift */ = {isa = PBXFileReference; lastKnownFileType = sourcecode.swift; path = MontreuilEstNotreJardinUITests.swift; sourceTree = "<group>"; };
		56890FE42791A04800AA9D1E /* MontreuilEstNotreJardinUITestsLaunchTests.swift */ = {isa = PBXFileReference; lastKnownFileType = sourcecode.swift; path = MontreuilEstNotreJardinUITestsLaunchTests.swift; sourceTree = "<group>"; };
		56890FF22791A18C00AA9D1E /* DataSetService.swift */ = {isa = PBXFileReference; fileEncoding = 4; lastKnownFileType = sourcecode.swift; path = DataSetService.swift; sourceTree = "<group>"; };
		56890FF52791A18C00AA9D1E /* coreDataManager.swift */ = {isa = PBXFileReference; fileEncoding = 4; lastKnownFileType = sourcecode.swift; path = coreDataManager.swift; sourceTree = "<group>"; };
		56890FF62791A18C00AA9D1E /* CoreDataStack.swift */ = {isa = PBXFileReference; fileEncoding = 4; lastKnownFileType = sourcecode.swift; path = CoreDataStack.swift; sourceTree = "<group>"; };
		56890FF82791A18C00AA9D1E /* MontreuilEstNotreJardin.xcdatamodel */ = {isa = PBXFileReference; lastKnownFileType = wrapper.xcdatamodel; path = MontreuilEstNotreJardin.xcdatamodel; sourceTree = "<group>"; };
		56890FFD2791A18C00AA9D1E /* UrlBuildable.swift */ = {isa = PBXFileReference; fileEncoding = 4; lastKnownFileType = sourcecode.swift; path = UrlBuildable.swift; sourceTree = "<group>"; };
		56890FFE2791A18C00AA9D1E /* ViewControllerExtension.swift */ = {isa = PBXFileReference; fileEncoding = 4; lastKnownFileType = sourcecode.swift; path = ViewControllerExtension.swift; sourceTree = "<group>"; };
		56890FFF2791A18C00AA9D1E /* URLSession+GenericCall.swift */ = {isa = PBXFileReference; fileEncoding = 4; lastKnownFileType = sourcecode.swift; path = "URLSession+GenericCall.swift"; sourceTree = "<group>"; };
		568910002791A18C00AA9D1E /* UIView+border.swift */ = {isa = PBXFileReference; fileEncoding = 4; lastKnownFileType = sourcecode.swift; path = "UIView+border.swift"; sourceTree = "<group>"; };
		568910032791A18C00AA9D1E /* tableViewExtension.swift */ = {isa = PBXFileReference; fileEncoding = 4; lastKnownFileType = sourcecode.swift; path = tableViewExtension.swift; sourceTree = "<group>"; };
		568910062791A18C00AA9D1E /* MainViewController.swift */ = {isa = PBXFileReference; fileEncoding = 4; lastKnownFileType = sourcecode.swift; path = MainViewController.swift; sourceTree = "<group>"; };
		569825D5279B0131008ABDC1 /* PoiAnnotation.swift */ = {isa = PBXFileReference; lastKnownFileType = sourcecode.swift; path = PoiAnnotation.swift; sourceTree = "<group>"; };
		56AF180F27999BB0009A0B08 /* MenuTableViewCell.swift */ = {isa = PBXFileReference; lastKnownFileType = sourcecode.swift; path = MenuTableViewCell.swift; sourceTree = "<group>"; };
		56AF181027999BB0009A0B08 /* MenuTableViewCell.xib */ = {isa = PBXFileReference; lastKnownFileType = file.xib; path = MenuTableViewCell.xib; sourceTree = "<group>"; };
		56C5AF5327C7EF1400AA2B7E /* InstructionsTableViewCell.swift */ = {isa = PBXFileReference; lastKnownFileType = sourcecode.swift; path = InstructionsTableViewCell.swift; sourceTree = "<group>"; };
		56C5AF5427C7EF1400AA2B7E /* InstructionsTableViewCell.xib */ = {isa = PBXFileReference; lastKnownFileType = file.xib; path = InstructionsTableViewCell.xib; sourceTree = "<group>"; };
		56C6F67727C14A0700AB9030 /* HomeTableViewCell.swift */ = {isa = PBXFileReference; lastKnownFileType = sourcecode.swift; path = HomeTableViewCell.swift; sourceTree = "<group>"; };
		56C6F67827C14A0700AB9030 /* HomeTableViewCell.xib */ = {isa = PBXFileReference; lastKnownFileType = file.xib; path = HomeTableViewCell.xib; sourceTree = "<group>"; };
		56CDF4DC27AC0EAD004F6C78 /* FavoriteTableViewCell.swift */ = {isa = PBXFileReference; lastKnownFileType = sourcecode.swift; path = FavoriteTableViewCell.swift; sourceTree = "<group>"; };
		56CDF4DD27AC0EAD004F6C78 /* FavoriteTableViewCell.xib */ = {isa = PBXFileReference; lastKnownFileType = file.xib; path = FavoriteTableViewCell.xib; sourceTree = "<group>"; };
		56F7B87F27B13C7A0046BD76 /* FakeResponseData.swift */ = {isa = PBXFileReference; lastKnownFileType = sourcecode.swift; path = FakeResponseData.swift; sourceTree = "<group>"; };
		56F7B88127B15F680046BD76 /* facet.json */ = {isa = PBXFileReference; lastKnownFileType = text.json; path = facet.json; sourceTree = "<group>"; };
		56F7B88327B1603E0046BD76 /* Pois.json */ = {isa = PBXFileReference; lastKnownFileType = text.json; path = Pois.json; sourceTree = "<group>"; };
		56F7B88527B160D50046BD76 /* UrlProtocolFake.swift */ = {isa = PBXFileReference; lastKnownFileType = sourcecode.swift; path = UrlProtocolFake.swift; sourceTree = "<group>"; };
		56F7B88827B162080046BD76 /* DataSetServiceTestCase.swift */ = {isa = PBXFileReference; lastKnownFileType = sourcecode.swift; path = DataSetServiceTestCase.swift; sourceTree = "<group>"; };
		56F7B88A27B18D7C0046BD76 /* coreDataManagerTest.swift */ = {isa = PBXFileReference; lastKnownFileType = sourcecode.swift; path = coreDataManagerTest.swift; sourceTree = "<group>"; };
		56F7B88C27B18E970046BD76 /*  MockCoreDataStack.swift */ = {isa = PBXFileReference; lastKnownFileType = sourcecode.swift; path = " MockCoreDataStack.swift"; sourceTree = "<group>"; };
		56F7B88E27B2C4B00046BD76 /* MainViewController.MapKitDelegat.extension.swif.swift */ = {isa = PBXFileReference; lastKnownFileType = sourcecode.swift; path = MainViewController.MapKitDelegat.extension.swif.swift; sourceTree = "<group>"; };
		56F7B89027B2CCFE0046BD76 /* StringExtension.swift */ = {isa = PBXFileReference; fileEncoding = 4; lastKnownFileType = sourcecode.swift; path = StringExtension.swift; sourceTree = "<group>"; };
/* End PBXFileReference section */

/* Begin PBXFrameworksBuildPhase section */
		56890FB82791A04700AA9D1E /* Frameworks */ = {
			isa = PBXFrameworksBuildPhase;
			buildActionMask = 2147483647;
			files = (
			);
			runOnlyForDeploymentPostprocessing = 0;
		};
		56890FD12791A04800AA9D1E /* Frameworks */ = {
			isa = PBXFrameworksBuildPhase;
			buildActionMask = 2147483647;
			files = (
			);
			runOnlyForDeploymentPostprocessing = 0;
		};
/* End PBXFrameworksBuildPhase section */

/* Begin PBXGroup section */
		56890FB22791A04700AA9D1E = {
			isa = PBXGroup;
			children = (
				56890FBD2791A04700AA9D1E /* MontreuilEstNotreJardin */,
				56890FD72791A04800AA9D1E /* MontreuilEstNotreJardinTests */,
				56890FE12791A04800AA9D1E /* MontreuilEstNotreJardinUITests */,
				56890FBC2791A04700AA9D1E /* Products */,
			);
			sourceTree = "<group>";
		};
		56890FBC2791A04700AA9D1E /* Products */ = {
			isa = PBXGroup;
			children = (
				56890FBB2791A04700AA9D1E /* MontreuilEstNotreJardin.app */,
				56890FD42791A04800AA9D1E /* MontreuilEstNotreJardinTests.xctest */,
			);
			name = Products;
			sourceTree = "<group>";
		};
		56890FBD2791A04700AA9D1E /* MontreuilEstNotreJardin */ = {
			isa = PBXGroup;
			children = (
				56890FFB2791A18C00AA9D1E /* extensions */,
				56890FF12791A18C00AA9D1E /* model */,
				5689101B2791B2F800AA9D1E /* supporting files */,
				5689101A2791B28B00AA9D1E /* view */,
				568910042791A18C00AA9D1E /* controllers */,
			);
			path = MontreuilEstNotreJardin;
			sourceTree = "<group>";
		};
		56890FD72791A04800AA9D1E /* MontreuilEstNotreJardinTests */ = {
			isa = PBXGroup;
			children = (
				56F7B88727B161440046BD76 /* helpers */,
				56F7B88127B15F680046BD76 /* facet.json */,
				563F6E2E27C38F2400AF9E0D /* resources.json */,
				56F7B88327B1603E0046BD76 /* Pois.json */,
				56F7B88827B162080046BD76 /* DataSetServiceTestCase.swift */,
				56F7B88A27B18D7C0046BD76 /* coreDataManagerTest.swift */,
				56F7B88C27B18E970046BD76 /*  MockCoreDataStack.swift */,
			);
			path = MontreuilEstNotreJardinTests;
			sourceTree = "<group>";
		};
		56890FE12791A04800AA9D1E /* MontreuilEstNotreJardinUITests */ = {
			isa = PBXGroup;
			children = (
				56890FE22791A04800AA9D1E /* MontreuilEstNotreJardinUITests.swift */,
				56890FE42791A04800AA9D1E /* MontreuilEstNotreJardinUITestsLaunchTests.swift */,
			);
			path = MontreuilEstNotreJardinUITests;
			sourceTree = "<group>";
		};
		56890FF12791A18C00AA9D1E /* model */ = {
			isa = PBXGroup;
			children = (
				56890FF22791A18C00AA9D1E /* DataSetService.swift */,
				56890FF42791A18C00AA9D1E /* coreData */,
			);
			path = model;
			sourceTree = "<group>";
		};
		56890FF42791A18C00AA9D1E /* coreData */ = {
			isa = PBXGroup;
			children = (
				56890FF52791A18C00AA9D1E /* coreDataManager.swift */,
				56890FF62791A18C00AA9D1E /* CoreDataStack.swift */,
				56890FF72791A18C00AA9D1E /* MontreuilEstNotreJardin.xcdatamodeld */,
			);
			path = coreData;
			sourceTree = "<group>";
		};
		56890FFB2791A18C00AA9D1E /* extensions */ = {
			isa = PBXGroup;
			children = (
				56F7B89027B2CCFE0046BD76 /* StringExtension.swift */,
				56890FFD2791A18C00AA9D1E /* UrlBuildable.swift */,
				56890FFE2791A18C00AA9D1E /* ViewControllerExtension.swift */,
				56890FFF2791A18C00AA9D1E /* URLSession+GenericCall.swift */,
				568910002791A18C00AA9D1E /* UIView+border.swift */,
				568910032791A18C00AA9D1E /* tableViewExtension.swift */,
				56F7B88E27B2C4B00046BD76 /* MainViewController.MapKitDelegat.extension.swif.swift */,
			);
			path = extensions;
			sourceTree = "<group>";
		};
		568910042791A18C00AA9D1E /* controllers */ = {
			isa = PBXGroup;
			children = (
				569825D5279B0131008ABDC1 /* PoiAnnotation.swift */,
				568910062791A18C00AA9D1E /* MainViewController.swift */,
				563FCBE327A435B400EFAC61 /* detailPoiViewController.swift */,
				564A745827ABFEFC00974848 /* FavoriteViewController.swift */,
				561B70B627BE526E005D43FF /* HomeViewController.swift */,
				561B70B827BE55E4005D43FF /* WebViewController.swift */,
			);
			path = controllers;
			sourceTree = "<group>";
		};
		5689101A2791B28B00AA9D1E /* view */ = {
			isa = PBXGroup;
			children = (
				56890FCA2791A04800AA9D1E /* Assets.xcassets */,
				56890FCC2791A04800AA9D1E /* LaunchScreen.storyboard */,
				56890FC42791A04700AA9D1E /* Main.storyboard */,
				56CDF4E027AC0EF8004F6C78 /* tableViewCell */,
			);
			path = view;
			sourceTree = "<group>";
		};
		5689101B2791B2F800AA9D1E /* supporting files */ = {
			isa = PBXGroup;
			children = (
				56890FBE2791A04700AA9D1E /* AppDelegate.swift */,
				56890FC02791A04700AA9D1E /* SceneDelegate.swift */,
				56890FCF2791A04800AA9D1E /* Info.plist */,
			);
			path = "supporting files";
			sourceTree = "<group>";
		};
		56CDF4E027AC0EF8004F6C78 /* tableViewCell */ = {
			isa = PBXGroup;
			children = (
				56AF180F27999BB0009A0B08 /* MenuTableViewCell.swift */,
				56CDF4DC27AC0EAD004F6C78 /* FavoriteTableViewCell.swift */,
				56CDF4DD27AC0EAD004F6C78 /* FavoriteTableViewCell.xib */,
				56AF181027999BB0009A0B08 /* MenuTableViewCell.xib */,
				56C6F67727C14A0700AB9030 /* HomeTableViewCell.swift */,
				56C6F67827C14A0700AB9030 /* HomeTableViewCell.xib */,
				56C5AF5327C7EF1400AA2B7E /* InstructionsTableViewCell.swift */,
				56C5AF5427C7EF1400AA2B7E /* InstructionsTableViewCell.xib */,
			);
			path = tableViewCell;
			sourceTree = "<group>";
		};
		56F7B88727B161440046BD76 /* helpers */ = {
			isa = PBXGroup;
			children = (
				56F7B87F27B13C7A0046BD76 /* FakeResponseData.swift */,
				56F7B88527B160D50046BD76 /* UrlProtocolFake.swift */,
			);
			path = helpers;
			sourceTree = "<group>";
		};
/* End PBXGroup section */

/* Begin PBXNativeTarget section */
		56890FBA2791A04700AA9D1E /* MontreuilEstNotreJardin */ = {
			isa = PBXNativeTarget;
			buildConfigurationList = 56890FE82791A04800AA9D1E /* Build configuration list for PBXNativeTarget "MontreuilEstNotreJardin" */;
			buildPhases = (
				56890FB72791A04700AA9D1E /* Sources */,
				56890FB82791A04700AA9D1E /* Frameworks */,
				56890FB92791A04700AA9D1E /* Resources */,
			);
			buildRules = (
			);
			dependencies = (
			);
			name = MontreuilEstNotreJardin;
			productName = MontreuilEstNotreJardin;
			productReference = 56890FBB2791A04700AA9D1E /* MontreuilEstNotreJardin.app */;
			productType = "com.apple.product-type.application";
		};
		56890FD32791A04800AA9D1E /* MontreuilEstNotreJardinTests */ = {
			isa = PBXNativeTarget;
			buildConfigurationList = 56890FEB2791A04800AA9D1E /* Build configuration list for PBXNativeTarget "MontreuilEstNotreJardinTests" */;
			buildPhases = (
				56890FD02791A04800AA9D1E /* Sources */,
				56890FD12791A04800AA9D1E /* Frameworks */,
				56890FD22791A04800AA9D1E /* Resources */,
			);
			buildRules = (
			);
			dependencies = (
				56890FD62791A04800AA9D1E /* PBXTargetDependency */,
			);
			name = MontreuilEstNotreJardinTests;
			productName = MontreuilEstNotreJardinTests;
			productReference = 56890FD42791A04800AA9D1E /* MontreuilEstNotreJardinTests.xctest */;
			productType = "com.apple.product-type.bundle.unit-test";
		};
/* End PBXNativeTarget section */

/* Begin PBXProject section */
		56890FB32791A04700AA9D1E /* Project object */ = {
			isa = PBXProject;
			attributes = {
				BuildIndependentTargetsInParallel = 1;
				LastSwiftUpdateCheck = 1310;
				LastUpgradeCheck = 1310;
				TargetAttributes = {
					56890FBA2791A04700AA9D1E = {
						CreatedOnToolsVersion = 13.1;
					};
					56890FD32791A04800AA9D1E = {
						CreatedOnToolsVersion = 13.1;
						TestTargetID = 56890FBA2791A04700AA9D1E;
					};
				};
			};
			buildConfigurationList = 56890FB62791A04700AA9D1E /* Build configuration list for PBXProject "MontreuilEstNotreJardin" */;
			compatibilityVersion = "Xcode 13.0";
			developmentRegion = en;
			hasScannedForEncodings = 0;
			knownRegions = (
				en,
				Base,
			);
			mainGroup = 56890FB22791A04700AA9D1E;
			productRefGroup = 56890FBC2791A04700AA9D1E /* Products */;
			projectDirPath = "";
			projectRoot = "";
			targets = (
				56890FBA2791A04700AA9D1E /* MontreuilEstNotreJardin */,
				56890FD32791A04800AA9D1E /* MontreuilEstNotreJardinTests */,
			);
		};
/* End PBXProject section */

/* Begin PBXResourcesBuildPhase section */
		56890FB92791A04700AA9D1E /* Resources */ = {
			isa = PBXResourcesBuildPhase;
			buildActionMask = 2147483647;
			files = (
				56890FCE2791A04800AA9D1E /* LaunchScreen.storyboard in Resources */,
				56AF181227999BB0009A0B08 /* MenuTableViewCell.xib in Resources */,
				56C5AF5627C7EF1400AA2B7E /* InstructionsTableViewCell.xib in Resources */,
				56CDF4DF27AC0EAD004F6C78 /* FavoriteTableViewCell.xib in Resources */,
				56890FCB2791A04800AA9D1E /* Assets.xcassets in Resources */,
				56C6F67A27C14A0700AB9030 /* HomeTableViewCell.xib in Resources */,
				56890FC62791A04700AA9D1E /* Main.storyboard in Resources */,
			);
			runOnlyForDeploymentPostprocessing = 0;
		};
		56890FD22791A04800AA9D1E /* Resources */ = {
			isa = PBXResourcesBuildPhase;
			buildActionMask = 2147483647;
			files = (
				563F6E2F27C38F2400AF9E0D /* resources.json in Resources */,
				56F7B88427B1603E0046BD76 /* Pois.json in Resources */,
				56F7B88227B15F680046BD76 /* facet.json in Resources */,
			);
			runOnlyForDeploymentPostprocessing = 0;
		};
/* End PBXResourcesBuildPhase section */

/* Begin PBXSourcesBuildPhase section */
		56890FB72791A04700AA9D1E /* Sources */ = {
			isa = PBXSourcesBuildPhase;
			buildActionMask = 2147483647;
			files = (
				568910122791A18C00AA9D1E /* URLSession+GenericCall.swift in Sources */,
				568910102791A18C00AA9D1E /* UrlBuildable.swift in Sources */,
				569825D6279B0131008ABDC1 /* PoiAnnotation.swift in Sources */,
				56AF181127999BB0009A0B08 /* MenuTableViewCell.swift in Sources */,
				561B70B927BE55E4005D43FF /* WebViewController.swift in Sources */,
				561B70B727BE526E005D43FF /* HomeViewController.swift in Sources */,
				5689100C2791A18C00AA9D1E /* CoreDataStack.swift in Sources */,
				56C5AF5527C7EF1400AA2B7E /* InstructionsTableViewCell.swift in Sources */,
				5689100B2791A18C00AA9D1E /* coreDataManager.swift in Sources */,
				56F7B88F27B2C4B00046BD76 /* MainViewController.MapKitDelegat.extension.swif.swift in Sources */,
				568910182791A18C00AA9D1E /* MainViewController.swift in Sources */,
				563FCBE427A435B400EFAC61 /* detailPoiViewController.swift in Sources */,
				568910162791A18C00AA9D1E /* tableViewExtension.swift in Sources */,
				568910132791A18C00AA9D1E /* UIView+border.swift in Sources */,
				564A745927ABFEFC00974848 /* FavoriteViewController.swift in Sources */,
				568910092791A18C00AA9D1E /* DataSetService.swift in Sources */,
				56890FBF2791A04700AA9D1E /* AppDelegate.swift in Sources */,
				56C6F67927C14A0700AB9030 /* HomeTableViewCell.swift in Sources */,
				568910112791A18C00AA9D1E /* ViewControllerExtension.swift in Sources */,
				56890FC12791A04700AA9D1E /* SceneDelegate.swift in Sources */,
				56F7B89127B2CCFE0046BD76 /* StringExtension.swift in Sources */,
				56CDF4DE27AC0EAD004F6C78 /* FavoriteTableViewCell.swift in Sources */,
				5689100D2791A18C00AA9D1E /* MontreuilEstNotreJardin.xcdatamodeld in Sources */,
			);
			runOnlyForDeploymentPostprocessing = 0;
		};
		56890FD02791A04800AA9D1E /* Sources */ = {
			isa = PBXSourcesBuildPhase;
			buildActionMask = 2147483647;
			files = (
				56F7B88D27B18E970046BD76 /*  MockCoreDataStack.swift in Sources */,
				56F7B88927B162090046BD76 /* DataSetServiceTestCase.swift in Sources */,
				56F7B88627B160D50046BD76 /* UrlProtocolFake.swift in Sources */,
				56F7B88B27B18D7C0046BD76 /* coreDataManagerTest.swift in Sources */,
				56F7B88027B13C7A0046BD76 /* FakeResponseData.swift in Sources */,
			);
			runOnlyForDeploymentPostprocessing = 0;
		};
/* End PBXSourcesBuildPhase section */

/* Begin PBXTargetDependency section */
		56890FD62791A04800AA9D1E /* PBXTargetDependency */ = {
			isa = PBXTargetDependency;
			target = 56890FBA2791A04700AA9D1E /* MontreuilEstNotreJardin */;
			targetProxy = 56890FD52791A04800AA9D1E /* PBXContainerItemProxy */;
		};
/* End PBXTargetDependency section */

/* Begin PBXVariantGroup section */
		56890FC42791A04700AA9D1E /* Main.storyboard */ = {
			isa = PBXVariantGroup;
			children = (
				56890FC52791A04700AA9D1E /* Base */,
			);
			name = Main.storyboard;
			sourceTree = "<group>";
		};
		56890FCC2791A04800AA9D1E /* LaunchScreen.storyboard */ = {
			isa = PBXVariantGroup;
			children = (
				56890FCD2791A04800AA9D1E /* Base */,
			);
			name = LaunchScreen.storyboard;
			sourceTree = "<group>";
		};
/* End PBXVariantGroup section */

/* Begin XCBuildConfiguration section */
		56890FE62791A04800AA9D1E /* Debug */ = {
			isa = XCBuildConfiguration;
			buildSettings = {
				ALWAYS_SEARCH_USER_PATHS = NO;
				CLANG_ANALYZER_NONNULL = YES;
				CLANG_ANALYZER_NUMBER_OBJECT_CONVERSION = YES_AGGRESSIVE;
				CLANG_CXX_LANGUAGE_STANDARD = "gnu++17";
				CLANG_CXX_LIBRARY = "libc++";
				CLANG_ENABLE_MODULES = YES;
				CLANG_ENABLE_OBJC_ARC = YES;
				CLANG_ENABLE_OBJC_WEAK = YES;
				CLANG_WARN_BLOCK_CAPTURE_AUTORELEASING = YES;
				CLANG_WARN_BOOL_CONVERSION = YES;
				CLANG_WARN_COMMA = YES;
				CLANG_WARN_CONSTANT_CONVERSION = YES;
				CLANG_WARN_DEPRECATED_OBJC_IMPLEMENTATIONS = YES;
				CLANG_WARN_DIRECT_OBJC_ISA_USAGE = YES_ERROR;
				CLANG_WARN_DOCUMENTATION_COMMENTS = YES;
				CLANG_WARN_EMPTY_BODY = YES;
				CLANG_WARN_ENUM_CONVERSION = YES;
				CLANG_WARN_INFINITE_RECURSION = YES;
				CLANG_WARN_INT_CONVERSION = YES;
				CLANG_WARN_NON_LITERAL_NULL_CONVERSION = YES;
				CLANG_WARN_OBJC_IMPLICIT_RETAIN_SELF = YES;
				CLANG_WARN_OBJC_LITERAL_CONVERSION = YES;
				CLANG_WARN_OBJC_ROOT_CLASS = YES_ERROR;
				CLANG_WARN_QUOTED_INCLUDE_IN_FRAMEWORK_HEADER = YES;
				CLANG_WARN_RANGE_LOOP_ANALYSIS = YES;
				CLANG_WARN_STRICT_PROTOTYPES = YES;
				CLANG_WARN_SUSPICIOUS_MOVE = YES;
				CLANG_WARN_UNGUARDED_AVAILABILITY = YES_AGGRESSIVE;
				CLANG_WARN_UNREACHABLE_CODE = YES;
				CLANG_WARN__DUPLICATE_METHOD_MATCH = YES;
				COPY_PHASE_STRIP = NO;
				DEBUG_INFORMATION_FORMAT = dwarf;
				ENABLE_STRICT_OBJC_MSGSEND = YES;
				ENABLE_TESTABILITY = YES;
				GCC_C_LANGUAGE_STANDARD = gnu11;
				GCC_DYNAMIC_NO_PIC = NO;
				GCC_NO_COMMON_BLOCKS = YES;
				GCC_OPTIMIZATION_LEVEL = 0;
				GCC_PREPROCESSOR_DEFINITIONS = (
					"DEBUG=1",
					"$(inherited)",
				);
				GCC_WARN_64_TO_32_BIT_CONVERSION = YES;
				GCC_WARN_ABOUT_RETURN_TYPE = YES_ERROR;
				GCC_WARN_UNDECLARED_SELECTOR = YES;
				GCC_WARN_UNINITIALIZED_AUTOS = YES_AGGRESSIVE;
				GCC_WARN_UNUSED_FUNCTION = YES;
				GCC_WARN_UNUSED_VARIABLE = YES;
				IPHONEOS_DEPLOYMENT_TARGET = 15.0;
				MTL_ENABLE_DEBUG_INFO = INCLUDE_SOURCE;
				MTL_FAST_MATH = YES;
				ONLY_ACTIVE_ARCH = YES;
				SDKROOT = iphoneos;
				SWIFT_ACTIVE_COMPILATION_CONDITIONS = DEBUG;
				SWIFT_OPTIMIZATION_LEVEL = "-Onone";
			};
			name = Debug;
		};
		56890FE72791A04800AA9D1E /* Release */ = {
			isa = XCBuildConfiguration;
			buildSettings = {
				ALWAYS_SEARCH_USER_PATHS = NO;
				CLANG_ANALYZER_NONNULL = YES;
				CLANG_ANALYZER_NUMBER_OBJECT_CONVERSION = YES_AGGRESSIVE;
				CLANG_CXX_LANGUAGE_STANDARD = "gnu++17";
				CLANG_CXX_LIBRARY = "libc++";
				CLANG_ENABLE_MODULES = YES;
				CLANG_ENABLE_OBJC_ARC = YES;
				CLANG_ENABLE_OBJC_WEAK = YES;
				CLANG_WARN_BLOCK_CAPTURE_AUTORELEASING = YES;
				CLANG_WARN_BOOL_CONVERSION = YES;
				CLANG_WARN_COMMA = YES;
				CLANG_WARN_CONSTANT_CONVERSION = YES;
				CLANG_WARN_DEPRECATED_OBJC_IMPLEMENTATIONS = YES;
				CLANG_WARN_DIRECT_OBJC_ISA_USAGE = YES_ERROR;
				CLANG_WARN_DOCUMENTATION_COMMENTS = YES;
				CLANG_WARN_EMPTY_BODY = YES;
				CLANG_WARN_ENUM_CONVERSION = YES;
				CLANG_WARN_INFINITE_RECURSION = YES;
				CLANG_WARN_INT_CONVERSION = YES;
				CLANG_WARN_NON_LITERAL_NULL_CONVERSION = YES;
				CLANG_WARN_OBJC_IMPLICIT_RETAIN_SELF = YES;
				CLANG_WARN_OBJC_LITERAL_CONVERSION = YES;
				CLANG_WARN_OBJC_ROOT_CLASS = YES_ERROR;
				CLANG_WARN_QUOTED_INCLUDE_IN_FRAMEWORK_HEADER = YES;
				CLANG_WARN_RANGE_LOOP_ANALYSIS = YES;
				CLANG_WARN_STRICT_PROTOTYPES = YES;
				CLANG_WARN_SUSPICIOUS_MOVE = YES;
				CLANG_WARN_UNGUARDED_AVAILABILITY = YES_AGGRESSIVE;
				CLANG_WARN_UNREACHABLE_CODE = YES;
				CLANG_WARN__DUPLICATE_METHOD_MATCH = YES;
				COPY_PHASE_STRIP = NO;
				DEBUG_INFORMATION_FORMAT = "dwarf-with-dsym";
				ENABLE_NS_ASSERTIONS = NO;
				ENABLE_STRICT_OBJC_MSGSEND = YES;
				GCC_C_LANGUAGE_STANDARD = gnu11;
				GCC_NO_COMMON_BLOCKS = YES;
				GCC_WARN_64_TO_32_BIT_CONVERSION = YES;
				GCC_WARN_ABOUT_RETURN_TYPE = YES_ERROR;
				GCC_WARN_UNDECLARED_SELECTOR = YES;
				GCC_WARN_UNINITIALIZED_AUTOS = YES_AGGRESSIVE;
				GCC_WARN_UNUSED_FUNCTION = YES;
				GCC_WARN_UNUSED_VARIABLE = YES;
				IPHONEOS_DEPLOYMENT_TARGET = 15.0;
				MTL_ENABLE_DEBUG_INFO = NO;
				MTL_FAST_MATH = YES;
				SDKROOT = iphoneos;
				SWIFT_COMPILATION_MODE = wholemodule;
				SWIFT_OPTIMIZATION_LEVEL = "-O";
				VALIDATE_PRODUCT = YES;
			};
			name = Release;
		};
		56890FE92791A04800AA9D1E /* Debug */ = {
			isa = XCBuildConfiguration;
			buildSettings = {
				ASSETCATALOG_COMPILER_APPICON_NAME = AppIcon;
				ASSETCATALOG_COMPILER_GLOBAL_ACCENT_COLOR_NAME = AccentColor;
				CODE_SIGN_STYLE = Automatic;
				CURRENT_PROJECT_VERSION = 1;
				DEVELOPMENT_TEAM = 3Y6V9A6BSD;
				GENERATE_INFOPLIST_FILE = YES;
				INFOPLIST_FILE = "MontreuilEstNotreJardin/supporting files/Info.plist";
				INFOPLIST_KEY_UIApplicationSupportsIndirectInputEvents = YES;
				INFOPLIST_KEY_UILaunchStoryboardName = LaunchScreen;
				INFOPLIST_KEY_UIMainStoryboardFile = Main;
				INFOPLIST_KEY_UISupportedInterfaceOrientations_iPad = "UIInterfaceOrientationPortrait UIInterfaceOrientationPortraitUpsideDown UIInterfaceOrientationLandscapeLeft UIInterfaceOrientationLandscapeRight";
				INFOPLIST_KEY_UISupportedInterfaceOrientations_iPhone = "UIInterfaceOrientationPortrait UIInterfaceOrientationLandscapeLeft UIInterfaceOrientationLandscapeRight";
				LD_RUNPATH_SEARCH_PATHS = (
					"$(inherited)",
					"@executable_path/Frameworks",
				);
				MARKETING_VERSION = 1.0;
				PRODUCT_BUNDLE_IDENTIFIER = fr.free.laurent.aubourg.MontreuilEstNotreJardin;
				PRODUCT_NAME = "$(TARGET_NAME)";
				SWIFT_EMIT_LOC_STRINGS = YES;
				SWIFT_VERSION = 5.0;
				TARGETED_DEVICE_FAMILY = "1,2";
			};
			name = Debug;
		};
		56890FEA2791A04800AA9D1E /* Release */ = {
			isa = XCBuildConfiguration;
			buildSettings = {
				ASSETCATALOG_COMPILER_APPICON_NAME = AppIcon;
				ASSETCATALOG_COMPILER_GLOBAL_ACCENT_COLOR_NAME = AccentColor;
				CODE_SIGN_STYLE = Automatic;
				CURRENT_PROJECT_VERSION = 1;
				DEVELOPMENT_TEAM = 3Y6V9A6BSD;
				GENERATE_INFOPLIST_FILE = YES;
				INFOPLIST_FILE = "MontreuilEstNotreJardin/supporting files/Info.plist";
				INFOPLIST_KEY_UIApplicationSupportsIndirectInputEvents = YES;
				INFOPLIST_KEY_UILaunchStoryboardName = LaunchScreen;
				INFOPLIST_KEY_UIMainStoryboardFile = Main;
				INFOPLIST_KEY_UISupportedInterfaceOrientations_iPad = "UIInterfaceOrientationPortrait UIInterfaceOrientationPortraitUpsideDown UIInterfaceOrientationLandscapeLeft UIInterfaceOrientationLandscapeRight";
				INFOPLIST_KEY_UISupportedInterfaceOrientations_iPhone = "UIInterfaceOrientationPortrait UIInterfaceOrientationLandscapeLeft UIInterfaceOrientationLandscapeRight";
				LD_RUNPATH_SEARCH_PATHS = (
					"$(inherited)",
					"@executable_path/Frameworks",
				);
				MARKETING_VERSION = 1.0;
				PRODUCT_BUNDLE_IDENTIFIER = fr.free.laurent.aubourg.MontreuilEstNotreJardin;
				PRODUCT_NAME = "$(TARGET_NAME)";
				SWIFT_EMIT_LOC_STRINGS = YES;
				SWIFT_VERSION = 5.0;
				TARGETED_DEVICE_FAMILY = "1,2";
			};
			name = Release;
		};
		56890FEC2791A04800AA9D1E /* Debug */ = {
			isa = XCBuildConfiguration;
			buildSettings = {
				ALWAYS_EMBED_SWIFT_STANDARD_LIBRARIES = YES;
				BUNDLE_LOADER = "$(TEST_HOST)";
				CODE_SIGN_STYLE = Automatic;
				CURRENT_PROJECT_VERSION = 1;
				DEVELOPMENT_TEAM = 3Y6V9A6BSD;
				GENERATE_INFOPLIST_FILE = YES;
				IPHONEOS_DEPLOYMENT_TARGET = 15.0;
				LD_RUNPATH_SEARCH_PATHS = (
					"$(inherited)",
					"@executable_path/Frameworks",
					"@loader_path/Frameworks",
				);
				MARKETING_VERSION = 1.0;
				PRODUCT_BUNDLE_IDENTIFIER = fr.free.laurent.aubourg.MontreuilEstNotreJardinTests;
				PRODUCT_NAME = "$(TARGET_NAME)";
				SWIFT_EMIT_LOC_STRINGS = NO;
				SWIFT_VERSION = 5.0;
				TARGETED_DEVICE_FAMILY = "1,2";
				TEST_HOST = "$(BUILT_PRODUCTS_DIR)/MontreuilEstNotreJardin.app/MontreuilEstNotreJardin";
			};
			name = Debug;
		};
		56890FED2791A04800AA9D1E /* Release */ = {
			isa = XCBuildConfiguration;
			buildSettings = {
				ALWAYS_EMBED_SWIFT_STANDARD_LIBRARIES = YES;
				BUNDLE_LOADER = "$(TEST_HOST)";
				CODE_SIGN_STYLE = Automatic;
				CURRENT_PROJECT_VERSION = 1;
				DEVELOPMENT_TEAM = 3Y6V9A6BSD;
				GENERATE_INFOPLIST_FILE = YES;
				IPHONEOS_DEPLOYMENT_TARGET = 15.0;
				LD_RUNPATH_SEARCH_PATHS = (
					"$(inherited)",
					"@executable_path/Frameworks",
					"@loader_path/Frameworks",
				);
				MARKETING_VERSION = 1.0;
				PRODUCT_BUNDLE_IDENTIFIER = fr.free.laurent.aubourg.MontreuilEstNotreJardinTests;
				PRODUCT_NAME = "$(TARGET_NAME)";
				SWIFT_EMIT_LOC_STRINGS = NO;
				SWIFT_VERSION = 5.0;
				TARGETED_DEVICE_FAMILY = "1,2";
				TEST_HOST = "$(BUILT_PRODUCTS_DIR)/MontreuilEstNotreJardin.app/MontreuilEstNotreJardin";
			};
			name = Release;
		};
/* End XCBuildConfiguration section */

/* Begin XCConfigurationList section */
		56890FB62791A04700AA9D1E /* Build configuration list for PBXProject "MontreuilEstNotreJardin" */ = {
			isa = XCConfigurationList;
			buildConfigurations = (
				56890FE62791A04800AA9D1E /* Debug */,
				56890FE72791A04800AA9D1E /* Release */,
			);
			defaultConfigurationIsVisible = 0;
			defaultConfigurationName = Release;
		};
		56890FE82791A04800AA9D1E /* Build configuration list for PBXNativeTarget "MontreuilEstNotreJardin" */ = {
			isa = XCConfigurationList;
			buildConfigurations = (
				56890FE92791A04800AA9D1E /* Debug */,
				56890FEA2791A04800AA9D1E /* Release */,
			);
			defaultConfigurationIsVisible = 0;
			defaultConfigurationName = Release;
		};
		56890FEB2791A04800AA9D1E /* Build configuration list for PBXNativeTarget "MontreuilEstNotreJardinTests" */ = {
			isa = XCConfigurationList;
			buildConfigurations = (
				56890FEC2791A04800AA9D1E /* Debug */,
				56890FED2791A04800AA9D1E /* Release */,
			);
			defaultConfigurationIsVisible = 0;
			defaultConfigurationName = Release;
		};
/* End XCConfigurationList section */

/* Begin XCVersionGroup section */
		56890FF72791A18C00AA9D1E /* MontreuilEstNotreJardin.xcdatamodeld */ = {
			isa = XCVersionGroup;
			children = (
				56890FF82791A18C00AA9D1E /* MontreuilEstNotreJardin.xcdatamodel */,
			);
			currentVersion = 56890FF82791A18C00AA9D1E /* MontreuilEstNotreJardin.xcdatamodel */;
			path = MontreuilEstNotreJardin.xcdatamodeld;
			sourceTree = "<group>";
			versionGroupType = wrapper.xcdatamodel;
		};
/* End XCVersionGroup section */
	};
	rootObject = 56890FB32791A04700AA9D1E /* Project object */;
}
